
Microsoft Visual Studio Solution File, Format Version 12.00
# Visual Studio Version 16
VisualStudioVersion = 16.0.30717.126
MinimumVisualStudioVersion = 10.0.40219.1
Project("{FAE04EC0-301F-11D3-BF4B-00C04F79EFBC}") = "Assignment", "Assignment\Assignment.csproj", "{096CD0BB-CC2D-4D5C-8904-D094AEA598EA}"
EndProject
Global
	GlobalSection(SolutionConfigurationPlatforms) = preSolution
		Debug|Any CPU = Debug|Any CPU
		Release|Any CPU = Release|Any CPU
	EndGlobalSection
	GlobalSection(ProjectConfigurationPlatforms) = postSolution
		{096CD0BB-CC2D-4D5C-8904-D094AEA598EA}.Debug|Any CPU.ActiveCfg = Debug|Any CPU
		{096CD0BB-CC2D-4D5C-8904-D094AEA598EA}.Debug|Any CPU.Build.0 = Debug|Any CPU
		{096CD0BB-CC2D-4D5C-8904-D094AEA598EA}.Release|Any CPU.ActiveCfg = Release|Any CPU
		{096CD0BB-CC2D-4D5C-8904-D094AEA598EA}.Release|Any CPU.Build.0 = Release|Any CPU
	EndGlobalSection
	GlobalSection(SolutionProperties) = preSolution
		HideSolutionNode = FALSE
	EndGlobalSection
	GlobalSection(ExtensibilityGlobals) = postSolution
		SolutionGuid = {FD90CCEF-6417-43D1-A58A-12475232FA00}
	EndGlobalSection
EndGlobal
